
Microsoft Visual Studio Solution File, Format Version 12.00
# Visual Studio Version 17
VisualStudioVersion = 17.14.36414.22 d17.14
MinimumVisualStudioVersion = 10.0.40219.1
Project("{FAE04EC0-301F-11D3-BF4B-00C04F79EFBC}") = "McpRevitBridge", "McpRevitBridge\McpRevitBridge.csproj", "{9622A37A-B90D-4D59-A739-A3914B231935}"
EndProject
Global
	GlobalSection(SolutionConfigurationPlatforms) = preSolution
		Debug|Any CPU = Debug|Any CPU
		Release|Any CPU = Release|Any CPU
	EndGlobalSection
	GlobalSection(ProjectConfigurationPlatforms) = postSolution
		{9622A37A-B90D-4D59-A739-A3914B231935}.Debug|Any CPU.ActiveCfg = Debug|Any CPU
		{9622A37A-B90D-4D59-A739-A3914B231935}.Debug|Any CPU.Build.0 = Debug|Any CPU
		{9622A37A-B90D-4D59-A739-A3914B231935}.Release|Any CPU.ActiveCfg = Release|Any CPU
		{9622A37A-B90D-4D59-A739-A3914B231935}.Release|Any CPU.Build.0 = Release|Any CPU
	EndGlobalSection
	GlobalSection(SolutionProperties) = preSolution
		HideSolutionNode = FALSE
	EndGlobalSection
	GlobalSection(ExtensibilityGlobals) = postSolution
		SolutionGuid = {CF829E68-7587-4E78-B4FE-475521F8752E}
	EndGlobalSection
EndGlobal
